// !$*UTF8*$!
{
	archiveVersion = 1;
	classes = {
	};
	objectVersion = 46;
	objects = {

/* Begin PBXBuildFile section */
		002F3A2E09D0888800EBEB88 /* SDLMain.m in Sources */ = {isa = PBXBuildFile; fileRef = 002F3A2C09D0888800EBEB88 /* SDLMain.m */; };
		5206A5FA1190B7B100D7CD4A /* Anim_Parser.cpp in Sources */ = {isa = PBXBuildFile; fileRef = 5206A5E51190B7B100D7CD4A /* Anim_Parser.cpp */; };
		5206A5FB1190B7B100D7CD4A /* Animation.cpp in Sources */ = {isa = PBXBuildFile; fileRef = 5206A5E61190B7B100D7CD4A /* Animation.cpp */; };
		5206A5FC1190B7B200D7CD4A /* Camera.cpp in Sources */ = {isa = PBXBuildFile; fileRef = 5206A5E71190B7B100D7CD4A /* Camera.cpp */; };
		5206A5FD1190B7B200D7CD4A /* Engine.cpp in Sources */ = {isa = PBXBuildFile; fileRef = 5206A5E81190B7B100D7CD4A /* Engine.cpp */; };
		5206A5FE1190B7B200D7CD4A /* GLee.c in Sources */ = {isa = PBXBuildFile; fileRef = 5206A5E91190B7B100D7CD4A /* GLee.c */; };
		5206A5FF1190B7B200D7CD4A /* main.cpp in Sources */ = {isa = PBXBuildFile; fileRef = 5206A5EA1190B7B100D7CD4A /* main.cpp */; };
		5206A6001190B7B200D7CD4A /* MD5_Parser.cpp in Sources */ = {isa = PBXBuildFile; fileRef = 5206A5EB1190B7B100D7CD4A /* MD5_Parser.cpp */; };
		5206A6011190B7B200D7CD4A /* MD5.cpp in Sources */ = {isa = PBXBuildFile; fileRef = 5206A5EC1190B7B100D7CD4A /* MD5.cpp */; };
		5206A6021190B7B200D7CD4A /* Mesh.cpp in Sources */ = {isa = PBXBuildFile; fileRef = 5206A5ED1190B7B100D7CD4A /* Mesh.cpp */; };
		5206A6031190B7B200D7CD4A /* Shader.cpp in Sources */ = {isa = PBXBuildFile; fileRef = 5206A5EE1190B7B100D7CD4A /* Shader.cpp */; };
		5206A60C1190B7B200D7CD4A /* Timer.cpp in Sources */ = {isa = PBXBuildFile; fileRef = 5206A5F81190B7B100D7CD4A /* Timer.cpp */; };
		5206A60D1190B7B200D7CD4A /* Tokenizer.cpp in Sources */ = {isa = PBXBuildFile; fileRef = 5206A5F91190B7B100D7CD4A /* Tokenizer.cpp */; };
		5206A6C91192746500D7CD4A /* shaders in Resources */ = {isa = PBXBuildFile; fileRef = 5206A6BF1192746500D7CD4A /* shaders */; };
		5206A6D9119274A700D7CD4A /* models in Resources */ = {isa = PBXBuildFile; fileRef = 5206A6CE119274A700D7CD4A /* models */; };
		52A993E8119366DA000E8856 /* Model_Manager.cpp in Sources */ = {isa = PBXBuildFile; fileRef = 52A993E7119366DA000E8856 /* Model_Manager.cpp */; };
		52A9956411938E7A000E8856 /* Cocoa.framework in Frameworks */ = {isa = PBXBuildFile; fileRef = 52A9956311938E7A000E8856 /* Cocoa.framework */; };
		52A9956811938E87000E8856 /* SDL.framework in Frameworks */ = {isa = PBXBuildFile; fileRef = 52A9956711938E87000E8856 /* SDL.framework */; };
		52A9956C11938E91000E8856 /* SDL_image.framework in Frameworks */ = {isa = PBXBuildFile; fileRef = 52A9956B11938E91000E8856 /* SDL_image.framework */; };
		52A995AE11938FB7000E8856 /* OpenGL.framework in Frameworks */ = {isa = PBXBuildFile; fileRef = 52A995AD11938FB7000E8856 /* OpenGL.framework */; };
		52A995DB1193972E000E8856 /* libboost_filesystem.a in Frameworks */ = {isa = PBXBuildFile; fileRef = 52A995DA1193972E000E8856 /* libboost_filesystem.a */; };
		52A995DD1193972E000E8856 /* libboost_system.a in Frameworks */ = {isa = PBXBuildFile; fileRef = 52A995DC1193972E000E8856 /* libboost_system.a */; };
		8D11072B0486CEB800E47090 /* InfoPlist.strings in Resources */ = {isa = PBXBuildFile; fileRef = 089C165CFE840E0CC02AAC07 /* InfoPlist.strings */; };
/* End PBXBuildFile section */

/* Begin PBXCopyFilesBuildPhase section */
		002F39FD09D0883400EBEB88 /* Copy Frameworks into .app bundle */ = {
			isa = PBXCopyFilesBuildPhase;
			buildActionMask = 2147483647;
			dstPath = "";
			dstSubfolderSpec = 10;
			files = (
			);
			name = "Copy Frameworks into .app bundle";
			runOnlyForDeploymentPostprocessing = 0;
		};
/* End PBXCopyFilesBuildPhase section */

/* Begin PBXFileReference section */
		002F3A2B09D0888800EBEB88 /* SDLMain.h */ = {isa = PBXFileReference; fileEncoding = 30; lastKnownFileType = sourcecode.c.h; path = SDLMain.h; sourceTree = SOURCE_ROOT; };
		002F3A2C09D0888800EBEB88 /* SDLMain.m */ = {isa = PBXFileReference; fileEncoding = 30; lastKnownFileType = sourcecode.c.objc; path = SDLMain.m; sourceTree = SOURCE_ROOT; };
		089C165DFE840E0CC02AAC07 /* English */ = {isa = PBXFileReference; fileEncoding = 10; lastKnownFileType = text.plist.strings; name = English; path = English.lproj/InfoPlist.strings; sourceTree = "<group>"; };
		29B97324FDCFA39411CA2CEA /* AppKit.framework */ = {isa = PBXFileReference; lastKnownFileType = wrapper.framework; name = AppKit.framework; path = /System/Library/Frameworks/AppKit.framework; sourceTree = "<absolute>"; };
		29B97325FDCFA39411CA2CEA /* Foundation.framework */ = {isa = PBXFileReference; lastKnownFileType = wrapper.framework; name = Foundation.framework; path = /System/Library/Frameworks/Foundation.framework; sourceTree = "<absolute>"; };
		32CA4F630368D1EE00C91783 /* md5_viewer_Prefix.pch */ = {isa = PBXFileReference; fileEncoding = 4; lastKnownFileType = sourcecode.c.h; path = md5_viewer_Prefix.pch; sourceTree = "<group>"; };
		5206A5E51190B7B100D7CD4A /* Anim_Parser.cpp */ = {isa = PBXFileReference; fileEncoding = 4; lastKnownFileType = sourcecode.cpp.cpp; path = Anim_Parser.cpp; sourceTree = "<group>"; };
		5206A5E61190B7B100D7CD4A /* Animation.cpp */ = {isa = PBXFileReference; fileEncoding = 4; lastKnownFileType = sourcecode.cpp.cpp; path = Animation.cpp; sourceTree = "<group>"; };
		5206A5E71190B7B100D7CD4A /* Camera.cpp */ = {isa = PBXFileReference; fileEncoding = 4; lastKnownFileType = sourcecode.cpp.cpp; path = Camera.cpp; sourceTree = "<group>"; };
		5206A5E81190B7B100D7CD4A /* Engine.cpp */ = {isa = PBXFileReference; fileEncoding = 4; lastKnownFileType = sourcecode.cpp.cpp; path = Engine.cpp; sourceTree = "<group>"; };
		5206A5E91190B7B100D7CD4A /* GLee.c */ = {isa = PBXFileReference; fileEncoding = 4; lastKnownFileType = sourcecode.c.c; path = GLee.c; sourceTree = "<group>"; };
		5206A5EA1190B7B100D7CD4A /* main.cpp */ = {isa = PBXFileReference; fileEncoding = 4; lastKnownFileType = sourcecode.cpp.cpp; path = main.cpp; sourceTree = "<group>"; };
		5206A5EB1190B7B100D7CD4A /* MD5_Parser.cpp */ = {isa = PBXFileReference; fileEncoding = 4; lastKnownFileType = sourcecode.cpp.cpp; path = MD5_Parser.cpp; sourceTree = "<group>"; };
		5206A5EC1190B7B100D7CD4A /* MD5.cpp */ = {isa = PBXFileReference; fileEncoding = 4; lastKnownFileType = sourcecode.cpp.cpp; path = MD5.cpp; sourceTree = "<group>"; };
		5206A5ED1190B7B100D7CD4A /* Mesh.cpp */ = {isa = PBXFileReference; fileEncoding = 4; lastKnownFileType = sourcecode.cpp.cpp; path = Mesh.cpp; sourceTree = "<group>"; };
		5206A5EE1190B7B100D7CD4A /* Shader.cpp */ = {isa = PBXFileReference; fileEncoding = 4; lastKnownFileType = sourcecode.cpp.cpp; path = Shader.cpp; sourceTree = "<group>"; };
		5206A5F81190B7B100D7CD4A /* Timer.cpp */ = {isa = PBXFileReference; fileEncoding = 4; lastKnownFileType = sourcecode.cpp.cpp; path = Timer.cpp; sourceTree = "<group>"; };
		5206A5F91190B7B100D7CD4A /* Tokenizer.cpp */ = {isa = PBXFileReference; fileEncoding = 4; lastKnownFileType = sourcecode.cpp.cpp; path = Tokenizer.cpp; sourceTree = "<group>"; };
		5206A6101190B7D000D7CD4A /* Anim_Parser.h */ = {isa = PBXFileReference; fileEncoding = 4; lastKnownFileType = sourcecode.c.h; path = Anim_Parser.h; sourceTree = "<group>"; };
		5206A6111190B7D000D7CD4A /* Anim_Types.h */ = {isa = PBXFileReference; fileEncoding = 4; lastKnownFileType = sourcecode.c.h; path = Anim_Types.h; sourceTree = "<group>"; };
		5206A6121190B7D000D7CD4A /* Animation.h */ = {isa = PBXFileReference; fileEncoding = 4; lastKnownFileType = sourcecode.c.h; path = Animation.h; sourceTree = "<group>"; };
		5206A6131190B7D000D7CD4A /* Camera.h */ = {isa = PBXFileReference; fileEncoding = 4; lastKnownFileType = sourcecode.c.h; path = Camera.h; sourceTree = "<group>"; };
		5206A6141190B7D000D7CD4A /* Engine.h */ = {isa = PBXFileReference; fileEncoding = 4; lastKnownFileType = sourcecode.c.h; path = Engine.h; sourceTree = "<group>"; };
		5206A6151190B7D000D7CD4A /* GLee.h */ = {isa = PBXFileReference; fileEncoding = 4; lastKnownFileType = sourcecode.c.h; path = GLee.h; sourceTree = "<group>"; };
		5206A6161190B7D000D7CD4A /* md5_parser.h */ = {isa = PBXFileReference; fileEncoding = 4; lastKnownFileType = sourcecode.c.h; path = md5_parser.h; sourceTree = "<group>"; };
		5206A6171190B7D000D7CD4A /* MD5_Parser.h */ = {isa = PBXFileReference; fileEncoding = 4; lastKnownFileType = sourcecode.c.h; path = MD5_Parser.h; sourceTree = "<group>"; };
		5206A6181190B7D000D7CD4A /* MD5_Types.h */ = {isa = PBXFileReference; fileEncoding = 4; lastKnownFileType = sourcecode.c.h; path = MD5_Types.h; sourceTree = "<group>"; };
		5206A6191190B7D000D7CD4A /* MD5.h */ = {isa = PBXFileReference; fileEncoding = 4; lastKnownFileType = sourcecode.c.h; path = MD5.h; sourceTree = "<group>"; };
		5206A61A1190B7D000D7CD4A /* Mesh.h */ = {isa = PBXFileReference; fileEncoding = 4; lastKnownFileType = sourcecode.c.h; path = Mesh.h; sourceTree = "<group>"; };
		5206A61B1190B7D000D7CD4A /* Quat.h */ = {isa = PBXFileReference; fileEncoding = 4; lastKnownFileType = sourcecode.c.h; path = Quat.h; sourceTree = "<group>"; };
		5206A61C1190B7D000D7CD4A /* Shader.h */ = {isa = PBXFileReference; fileEncoding = 4; lastKnownFileType = sourcecode.c.h; path = Shader.h; sourceTree = "<group>"; };
		5206A61D1190B7D000D7CD4A /* Timer.h */ = {isa = PBXFileReference; fileEncoding = 4; lastKnownFileType = sourcecode.c.h; path = Timer.h; sourceTree = "<group>"; };
		5206A61E1190B7D000D7CD4A /* Tokenizer.h */ = {isa = PBXFileReference; fileEncoding = 4; lastKnownFileType = sourcecode.c.h; path = Tokenizer.h; sourceTree = "<group>"; };
		5206A61F1190B7D000D7CD4A /* Vec3.h */ = {isa = PBXFileReference; fileEncoding = 4; lastKnownFileType = sourcecode.c.h; path = Vec3.h; sourceTree = "<group>"; };
		5206A6BF1192746500D7CD4A /* shaders */ = {isa = PBXFileReference; lastKnownFileType = folder; path = shaders; sourceTree = "<group>"; };
		5206A6CE119274A700D7CD4A /* models */ = {isa = PBXFileReference; lastKnownFileType = folder; path = models; sourceTree = "<group>"; };
		52A993E6119366DA000E8856 /* Model_Manager.h */ = {isa = PBXFileReference; fileEncoding = 4; lastKnownFileType = sourcecode.c.h; name = Model_Manager.h; path = ../src/Model_Manager.h; sourceTree = "<group>"; };
		52A993E7119366DA000E8856 /* Model_Manager.cpp */ = {isa = PBXFileReference; fileEncoding = 4; lastKnownFileType = sourcecode.cpp.cpp; path = Model_Manager.cpp; sourceTree = "<group>"; };
		52A9956311938E7A000E8856 /* Cocoa.framework */ = {isa = PBXFileReference; lastKnownFileType = wrapper.framework; name = Cocoa.framework; path = System/Library/Frameworks/Cocoa.framework; sourceTree = SDKROOT; };
		52A9956711938E87000E8856 /* SDL.framework */ = {isa = PBXFileReference; lastKnownFileType = wrapper.framework; name = SDL.framework; path = Library/Frameworks/SDL.framework; sourceTree = SDKROOT; };
		52A9956B11938E91000E8856 /* SDL_image.framework */ = {isa = PBXFileReference; lastKnownFileType = wrapper.framework; name = SDL_image.framework; path = Library/Frameworks/SDL_image.framework; sourceTree = SDKROOT; };
		52A995AD11938FB7000E8856 /* OpenGL.framework */ = {isa = PBXFileReference; lastKnownFileType = wrapper.framework; name = OpenGL.framework; path = System/Library/Frameworks/OpenGL.framework; sourceTree = SDKROOT; };
		52A995DA1193972E000E8856 /* libboost_filesystem.a */ = {isa = PBXFileReference; lastKnownFileType = archive.ar; name = libboost_filesystem.a; path = /usr/local/lib/libboost_filesystem.a; sourceTree = "<absolute>"; };
		52A995DC1193972E000E8856 /* libboost_system.a */ = {isa = PBXFileReference; lastKnownFileType = archive.ar; name = libboost_system.a; path = /usr/local/lib/libboost_system.a; sourceTree = "<absolute>"; };
		8D1107310486CEB800E47090 /* Info.plist */ = {isa = PBXFileReference; fileEncoding = 4; lastKnownFileType = text.plist; path = Info.plist; sourceTree = "<group>"; };
		8D1107320486CEB800E47090 /* md5_viewer.app */ = {isa = PBXFileReference; explicitFileType = wrapper.application; includeInIndex = 0; path = md5_viewer.app; sourceTree = BUILT_PRODUCTS_DIR; };
/* End PBXFileReference section */

/* Begin PBXFrameworksBuildPhase section */
		8D11072E0486CEB800E47090 /* Frameworks */ = {
			isa = PBXFrameworksBuildPhase;
			buildActionMask = 2147483647;
			files = (
				52A9956411938E7A000E8856 /* Cocoa.framework in Frameworks */,
				52A9956811938E87000E8856 /* SDL.framework in Frameworks */,
				52A9956C11938E91000E8856 /* SDL_image.framework in Frameworks */,
				52A995AE11938FB7000E8856 /* OpenGL.framework in Frameworks */,
				52A995DB1193972E000E8856 /* libboost_filesystem.a in Frameworks */,
				52A995DD1193972E000E8856 /* libboost_system.a in Frameworks */,
			);
			runOnlyForDeploymentPostprocessing = 0;
		};
/* End PBXFrameworksBuildPhase section */

/* Begin PBXGroup section */
		080E96DDFE201D6D7F000001 /* Classes */ = {
			isa = PBXGroup;
			children = (
				002F3A2B09D0888800EBEB88 /* SDLMain.h */,
				002F3A2C09D0888800EBEB88 /* SDLMain.m */,
			);
			name = Classes;
			sourceTree = "<group>";
		};
		1058C7A2FEA54F0111CA2CBB /* Other Frameworks */ = {
			isa = PBXGroup;
			children = (
				29B97324FDCFA39411CA2CEA /* AppKit.framework */,
				29B97325FDCFA39411CA2CEA /* Foundation.framework */,
			);
			name = "Other Frameworks";
			sourceTree = "<group>";
		};
		19C28FACFE9D520D11CA2CBB /* Products */ = {
			isa = PBXGroup;
			children = (
				8D1107320486CEB800E47090 /* md5_viewer.app */,
			);
			name = Products;
			sourceTree = "<group>";
		};
		29B97314FDCFA39411CA2CEA /* md5_viewer */ = {
			isa = PBXGroup;
			children = (
				5206A60E1190B7B700D7CD4A /* include */,
				5206A5E31190B79800D7CD4A /* src */,
				080E96DDFE201D6D7F000001 /* Classes */,
				29B97315FDCFA39411CA2CEA /* Other Sources */,
				29B97317FDCFA39411CA2CEA /* Resources */,
				29B97323FDCFA39411CA2CEA /* Frameworks */,
				19C28FACFE9D520D11CA2CBB /* Products */,
			);
			name = md5_viewer;
			sourceTree = "<group>";
		};
		29B97315FDCFA39411CA2CEA /* Other Sources */ = {
			isa = PBXGroup;
			children = (
				32CA4F630368D1EE00C91783 /* md5_viewer_Prefix.pch */,
			);
			name = "Other Sources";
			sourceTree = "<group>";
		};
		29B97317FDCFA39411CA2CEA /* Resources */ = {
			isa = PBXGroup;
			children = (
				5206A6CE119274A700D7CD4A /* models */,
				5206A6BF1192746500D7CD4A /* shaders */,
				8D1107310486CEB800E47090 /* Info.plist */,
				089C165CFE840E0CC02AAC07 /* InfoPlist.strings */,
			);
			name = Resources;
			sourceTree = "<group>";
		};
		29B97323FDCFA39411CA2CEA /* Frameworks */ = {
			isa = PBXGroup;
			children = (
				52A9957911938EEF000E8856 /* Linked Frameworks */,
				1058C7A2FEA54F0111CA2CBB /* Other Frameworks */,
			);
			name = Frameworks;
			sourceTree = "<group>";
		};
		5206A5E31190B79800D7CD4A /* src */ = {
			isa = PBXGroup;
			children = (
				5206A5E51190B7B100D7CD4A /* Anim_Parser.cpp */,
				5206A5E61190B7B100D7CD4A /* Animation.cpp */,
				5206A5E71190B7B100D7CD4A /* Camera.cpp */,
				5206A5E81190B7B100D7CD4A /* Engine.cpp */,
				5206A5E91190B7B100D7CD4A /* GLee.c */,
				5206A5EA1190B7B100D7CD4A /* main.cpp */,
				5206A5EB1190B7B100D7CD4A /* MD5_Parser.cpp */,
				5206A5EC1190B7B100D7CD4A /* MD5.cpp */,
				5206A5ED1190B7B100D7CD4A /* Mesh.cpp */,
				5206A5EE1190B7B100D7CD4A /* Shader.cpp */,
				5206A5F81190B7B100D7CD4A /* Timer.cpp */,
				5206A5F91190B7B100D7CD4A /* Tokenizer.cpp */,
				52A993E7119366DA000E8856 /* Model_Manager.cpp */,
			);
			path = src;
			sourceTree = "<group>";
		};
		5206A60E1190B7B700D7CD4A /* include */ = {
			isa = PBXGroup;
			children = (
				52A993E6119366DA000E8856 /* Model_Manager.h */,
				5206A6101190B7D000D7CD4A /* Anim_Parser.h */,
				5206A6111190B7D000D7CD4A /* Anim_Types.h */,
				5206A6121190B7D000D7CD4A /* Animation.h */,
				5206A6131190B7D000D7CD4A /* Camera.h */,
				5206A6141190B7D000D7CD4A /* Engine.h */,
				5206A6151190B7D000D7CD4A /* GLee.h */,
				5206A6161190B7D000D7CD4A /* md5_parser.h */,
				5206A6171190B7D000D7CD4A /* MD5_Parser.h */,
				5206A6181190B7D000D7CD4A /* MD5_Types.h */,
				5206A6191190B7D000D7CD4A /* MD5.h */,
				5206A61A1190B7D000D7CD4A /* Mesh.h */,
				5206A61B1190B7D000D7CD4A /* Quat.h */,
				5206A61C1190B7D000D7CD4A /* Shader.h */,
				5206A61D1190B7D000D7CD4A /* Timer.h */,
				5206A61E1190B7D000D7CD4A /* Tokenizer.h */,
				5206A61F1190B7D000D7CD4A /* Vec3.h */,
			);
			path = include;
			sourceTree = "<group>";
		};
		52A9957911938EEF000E8856 /* Linked Frameworks */ = {
			isa = PBXGroup;
			children = (
				52A995DA1193972E000E8856 /* libboost_filesystem.a */,
				52A995DC1193972E000E8856 /* libboost_system.a */,
				52A9956311938E7A000E8856 /* Cocoa.framework */,
				52A9956711938E87000E8856 /* SDL.framework */,
				52A9956B11938E91000E8856 /* SDL_image.framework */,
				52A995AD11938FB7000E8856 /* OpenGL.framework */,
			);
			name = "Linked Frameworks";
			sourceTree = "<group>";
		};
/* End PBXGroup section */

/* Begin PBXNativeTarget section */
		8D1107260486CEB800E47090 /* md5_viewer */ = {
			isa = PBXNativeTarget;
			buildConfigurationList = C01FCF4A08A954540054247B /* Build configuration list for PBXNativeTarget "md5_viewer" */;
			buildPhases = (
				8D1107290486CEB800E47090 /* Resources */,
				8D11072C0486CEB800E47090 /* Sources */,
				8D11072E0486CEB800E47090 /* Frameworks */,
				002F39FD09D0883400EBEB88 /* Copy Frameworks into .app bundle */,
			);
			buildRules = (
			);
			dependencies = (
			);
			name = md5_viewer;
			productInstallPath = "$(HOME)/Applications";
			productName = md5_viewer;
			productReference = 8D1107320486CEB800E47090 /* md5_viewer.app */;
			productType = "com.apple.product-type.application";
		};
/* End PBXNativeTarget section */

/* Begin PBXProject section */
		29B97313FDCFA39411CA2CEA /* Project object */ = {
			isa = PBXProject;
			buildConfigurationList = C01FCF4E08A954540054247B /* Build configuration list for PBXProject "md5_viewer" */;
			compatibilityVersion = "Xcode 3.2";
			hasScannedForEncodings = 1;
			mainGroup = 29B97314FDCFA39411CA2CEA /* md5_viewer */;
			projectDirPath = "";
			projectRoot = "";
			targets = (
				8D1107260486CEB800E47090 /* md5_viewer */,
			);
		};
/* End PBXProject section */

/* Begin PBXResourcesBuildPhase section */
		8D1107290486CEB800E47090 /* Resources */ = {
			isa = PBXResourcesBuildPhase;
			buildActionMask = 2147483647;
			files = (
				8D11072B0486CEB800E47090 /* InfoPlist.strings in Resources */,
				5206A6C91192746500D7CD4A /* shaders in Resources */,
				5206A6D9119274A700D7CD4A /* models in Resources */,
			);
			runOnlyForDeploymentPostprocessing = 0;
		};
/* End PBXResourcesBuildPhase section */

/* Begin PBXSourcesBuildPhase section */
		8D11072C0486CEB800E47090 /* Sources */ = {
			isa = PBXSourcesBuildPhase;
			buildActionMask = 2147483647;
			files = (
				002F3A2E09D0888800EBEB88 /* SDLMain.m in Sources */,
				5206A5FA1190B7B100D7CD4A /* Anim_Parser.cpp in Sources */,
				5206A5FB1190B7B100D7CD4A /* Animation.cpp in Sources */,
				5206A5FC1190B7B200D7CD4A /* Camera.cpp in Sources */,
				5206A5FD1190B7B200D7CD4A /* Engine.cpp in Sources */,
				5206A5FE1190B7B200D7CD4A /* GLee.c in Sources */,
				5206A5FF1190B7B200D7CD4A /* main.cpp in Sources */,
				5206A6001190B7B200D7CD4A /* MD5_Parser.cpp in Sources */,
				5206A6011190B7B200D7CD4A /* MD5.cpp in Sources */,
				5206A6021190B7B200D7CD4A /* Mesh.cpp in Sources */,
				5206A6031190B7B200D7CD4A /* Shader.cpp in Sources */,
				5206A60C1190B7B200D7CD4A /* Timer.cpp in Sources */,
				5206A60D1190B7B200D7CD4A /* Tokenizer.cpp in Sources */,
				52A993E8119366DA000E8856 /* Model_Manager.cpp in Sources */,
			);
			runOnlyForDeploymentPostprocessing = 0;
		};
/* End PBXSourcesBuildPhase section */

/* Begin PBXVariantGroup section */
		089C165CFE840E0CC02AAC07 /* InfoPlist.strings */ = {
			isa = PBXVariantGroup;
			children = (
				089C165DFE840E0CC02AAC07 /* English */,
			);
			name = InfoPlist.strings;
			sourceTree = "<group>";
		};
/* End PBXVariantGroup section */

/* Begin XCBuildConfiguration section */
		C01FCF4B08A954540054247B /* Debug */ = {
			isa = XCBuildConfiguration;
			buildSettings = {
				COPY_PHASE_STRIP = NO;
				GCC_DYNAMIC_NO_PIC = NO;
				GCC_ENABLE_FIX_AND_CONTINUE = YES;
				GCC_MODEL_TUNING = G5;
				GCC_OPTIMIZATION_LEVEL = 0;
				GCC_PRECOMPILE_PREFIX_HEADER = YES;
				GCC_PREFIX_HEADER = md5_viewer_Prefix.pch;
				INFOPLIST_FILE = Info.plist;
				INSTALL_PATH = "$(HOME)/Applications";
				PRODUCT_NAME = md5_viewer;
				"SDKROOT[arch=x86_64]" = "";
				WRAPPER_EXTENSION = app;
			};
			name = Debug;
		};
		C01FCF4C08A954540054247B /* Release */ = {
			isa = XCBuildConfiguration;
			buildSettings = {
				ARCHS = (
					ppc,
					i386,
				);
				GCC_GENERATE_DEBUGGING_SYMBOLS = NO;
				GCC_MODEL_TUNING = G5;
				GCC_PRECOMPILE_PREFIX_HEADER = YES;
				GCC_PREFIX_HEADER = md5_viewer_Prefix.pch;
				INFOPLIST_FILE = Info.plist;
				INSTALL_PATH = "$(HOME)/Applications";
				PRODUCT_NAME = md5_viewer;
				WRAPPER_EXTENSION = app;
			};
			name = Release;
		};
		C01FCF4F08A954540054247B /* Debug */ = {
			isa = XCBuildConfiguration;
			buildSettings = {
				ARCHS = "$(ARCHS_STANDARD_64_BIT)";
				FRAMEWORK_SEARCH_PATHS = (
					"$(HOME)/Library/Frameworks",
					/Library/Frameworks,
					"$(FRAMEWORK_SEARCH_PATHS)",
				);
				GCC_VERSION = 4.0;
				"GCC_VERSION[arch=x86_64]" = 4.2;
				GCC_WARN_ABOUT_RETURN_TYPE = YES;
				GCC_WARN_UNUSED_VARIABLE = YES;
				HEADER_SEARCH_PATHS = (
					/usr/local/include,
					"$(HOME)/Library/Frameworks/SDL.framework/Headers",
					/Library/Frameworks/SDL.framework/Headers,
					"$(HEADER_SEARCH_PATHS)",
				);
				LIBRARY_SEARCH_PATHS = /usr/local/lib;
				PREBINDING = NO;
				SDKROOT = macosx10.4;
				"SDKROOT[arch=x86_64]" = "$(DEVELOPER_SDK_DIR)/MacOSX10.6.sdk";
			};
			name = Debug;
		};
		C01FCF5008A954540054247B /* Release */ = {
			isa = XCBuildConfiguration;
			buildSettings = {
				ARCHS = "$(ARCHS_STANDARD_32_64_BIT)";
				FRAMEWORK_SEARCH_PATHS = (
					"$(HOME)/Library/Frameworks",
					/Library/Frameworks,
					"$(FRAMEWORK_SEARCH_PATHS)",
				);
				GCC_VERSION = 4.0;
				"GCC_VERSION[arch=x86_64]" = 4.2;
				GCC_WARN_ABOUT_RETURN_TYPE = YES;
				GCC_WARN_UNUSED_VARIABLE = YES;
				HEADER_SEARCH_PATHS = (
					"$(HOME)/Library/Frameworks/SDL.framework/Headers",
					/Library/Frameworks/SDL.framework/Headers,
					"$(HEADER_SEARCH_PATHS)",
				);
				PREBINDING = NO;
				SDKROOT = macosx10.4;
				"SDKROOT[arch=x86_64]" = "$(DEVELOPER_SDK_DIR)/MacOSX10.6.sdk";
			};
			name = Release;
		};
/* End XCBuildConfiguration section */

/* Begin XCConfigurationList section */
		C01FCF4A08A954540054247B /* Build configuration list for PBXNativeTarget "md5_viewer" */ = {
			isa = XCConfigurationList;
			buildConfigurations = (
				C01FCF4B08A954540054247B /* Debug */,
				C01FCF4C08A954540054247B /* Release */,
			);
			defaultConfigurationIsVisible = 0;
			defaultConfigurationName = Release;
		};
		C01FCF4E08A954540054247B /* Build configuration list for PBXProject "md5_viewer" */ = {
			isa = XCConfigurationList;
			buildConfigurations = (
				C01FCF4F08A954540054247B /* Debug */,
				C01FCF5008A954540054247B /* Release */,
			);
			defaultConfigurationIsVisible = 0;
			defaultConfigurationName = Release;
		};
/* End XCConfigurationList section */
	};
	rootObject = 29B97313FDCFA39411CA2CEA /* Project object */;
}
